codnect.io/procyon v0.5.3 h1:QREPYavZLFJP6ksIUD9GmOE/LvI1Gak/XbPVYFJpmI8=
codnect.io/procyon v0.5.3/go.mod h1:jLLijIkhf5ap6SCntBmuz7UQ/bB2VZoFZ34AARCJw34=
codnect.io/procyon-core v0.0.2-dev h1:SsN8RMKKrwRdrkxQGXzryc/QEVG+0+wYMm8d/QMr6BU=
codnect.io/procyon-core v0.0.2-dev/go.mod h1:BpYfbuzZuLEQgDAbV/N4NtnZjsfM1Sfwqfh/ivMhwoE=
golang.org/x/net v0.20.0 h1:aCL9BSgETF1k+blQaYUBx9hJ9LOGP3gAVemcZlf1Kpo=
golang.org/x/net v0.20.0/go.mod h1:z8BVo6PvndSri0LbOE3hAn0apkU+1YvI6E70E9jsnvY=
golang.org/x/text v0.14.0 h1:ScX5w1eTa3QqT8oi6+ziP7dTV1S2+ALU0bI+0zXKWiQ=
golang.org/x/text v0.14.0/go.mod h1:18ZOQIKpY8NJVqYksKHtTdi31H5itFRjB5/qKTNYzSU=
gopkg.in/check.v1 v0.0.0-20161208181325-20d25e280405/go.mod h1:Co6ibVJAznAaIkqp8huTwlJQCZ016jof/cbN4VW5Yz0=
gopkg.in/yaml.v3 v3.0.1 h1:fxVm/GzAzEWqLHuvctI91KS9hhNmmWOoWu0XTYJS7CA=
gopkg.in/yaml.v3 v3.0.1/go.mod h1:K4uyk7z7BCEPqu6E+C64Yfv1cQ7kz7rIZviUmN+EgEM=
